
Microsoft Visual Studio Solution File, Format Version 12.00
# Visual Studio Version 16
VisualStudioVersion = 16.0.30717.126
MinimumVisualStudioVersion = 10.0.40219.1
Project("{FAE04EC0-301F-11D3-BF4B-00C04F79EFBC}") = "Projecto36TriangulosCaso04", "Projecto36TriangulosCaso04\Projecto36TriangulosCaso04.csproj", "{21AE4BE4-22BF-40EF-B517-22B6F4DA7E80}"
EndProject
Global
	GlobalSection(SolutionConfigurationPlatforms) = preSolution
		Debug|Any CPU = Debug|Any CPU
		Release|Any CPU = Release|Any CPU
	EndGlobalSection
	GlobalSection(ProjectConfigurationPlatforms) = postSolution
		{21AE4BE4-22BF-40EF-B517-22B6F4DA7E80}.Debug|Any CPU.ActiveCfg = Debug|Any CPU
		{21AE4BE4-22BF-40EF-B517-22B6F4DA7E80}.Debug|Any CPU.Build.0 = Debug|Any CPU
		{21AE4BE4-22BF-40EF-B517-22B6F4DA7E80}.Release|Any CPU.ActiveCfg = Release|Any CPU
		{21AE4BE4-22BF-40EF-B517-22B6F4DA7E80}.Release|Any CPU.Build.0 = Release|Any CPU
	EndGlobalSection
	GlobalSection(SolutionProperties) = preSolution
		HideSolutionNode = FALSE
	EndGlobalSection
	GlobalSection(ExtensibilityGlobals) = postSolution
		SolutionGuid = {3B62FF64-677C-4418-9594-4160CE2C95BA}
	EndGlobalSection
EndGlobal
